
Microsoft Visual Studio Solution File, Format Version 12.00
# Visual Studio Version 17
VisualStudioVersion = 17.5.33627.172
MinimumVisualStudioVersion = 10.0.40219.1
Project("{9A19103F-16F7-4668-BE54-9A1E7A4F7556}") = "Coding", "ChipsPlayGround\Coding.csproj", "{B09E7323-FECA-4257-882E-1D6E60F2F408}"
EndProject
Project("{9A19103F-16F7-4668-BE54-9A1E7A4F7556}") = "CodingTest", "ChipsTest\CodingTest.csproj", "{6F28A5EC-03FA-4503-AB77-0AEFBB073E83}"
EndProject
Project("{9A19103F-16F7-4668-BE54-9A1E7A4F7556}") = "DesignPatterns", "DesignPatterns\DesignPatterns.csproj", "{5C3F9848-4DC3-4BB7-A5D1-A37EBAAE6119}"
EndProject
Project("{9092AA53-FB77-4645-B42D-1CCCA6BD08BD}") = "NodejsConsoleApp", "NodejsConsoleApp\NodejsConsoleApp.njsproj", "{87468236-AF04-4449-988B-97E71A7D1FBF}"
EndProject
Project("{FAE04EC0-301F-11D3-BF4B-00C04F79EFBC}") = "SolutionConsole", "SolutionConsole\SolutionConsole.csproj", "{71D248A9-4B04-48C2-812F-3D3183268993}"
EndProject
Global
	GlobalSection(SolutionConfigurationPlatforms) = preSolution
		Debug|Any CPU = Debug|Any CPU
		Release|Any CPU = Release|Any CPU
	EndGlobalSection
	GlobalSection(ProjectConfigurationPlatforms) = postSolution
		{B09E7323-FECA-4257-882E-1D6E60F2F408}.Debug|Any CPU.ActiveCfg = Debug|Any CPU
		{B09E7323-FECA-4257-882E-1D6E60F2F408}.Debug|Any CPU.Build.0 = Debug|Any CPU
		{B09E7323-FECA-4257-882E-1D6E60F2F408}.Release|Any CPU.ActiveCfg = Release|Any CPU
		{B09E7323-FECA-4257-882E-1D6E60F2F408}.Release|Any CPU.Build.0 = Release|Any CPU
		{6F28A5EC-03FA-4503-AB77-0AEFBB073E83}.Debug|Any CPU.ActiveCfg = Debug|Any CPU
		{6F28A5EC-03FA-4503-AB77-0AEFBB073E83}.Debug|Any CPU.Build.0 = Debug|Any CPU
		{6F28A5EC-03FA-4503-AB77-0AEFBB073E83}.Release|Any CPU.ActiveCfg = Release|Any CPU
		{6F28A5EC-03FA-4503-AB77-0AEFBB073E83}.Release|Any CPU.Build.0 = Release|Any CPU
		{5C3F9848-4DC3-4BB7-A5D1-A37EBAAE6119}.Debug|Any CPU.ActiveCfg = Debug|Any CPU
		{5C3F9848-4DC3-4BB7-A5D1-A37EBAAE6119}.Debug|Any CPU.Build.0 = Debug|Any CPU
		{5C3F9848-4DC3-4BB7-A5D1-A37EBAAE6119}.Release|Any CPU.ActiveCfg = Release|Any CPU
		{5C3F9848-4DC3-4BB7-A5D1-A37EBAAE6119}.Release|Any CPU.Build.0 = Release|Any CPU
		{87468236-AF04-4449-988B-97E71A7D1FBF}.Debug|Any CPU.ActiveCfg = Debug|Any CPU
		{87468236-AF04-4449-988B-97E71A7D1FBF}.Debug|Any CPU.Build.0 = Debug|Any CPU
		{87468236-AF04-4449-988B-97E71A7D1FBF}.Release|Any CPU.ActiveCfg = Release|Any CPU
		{87468236-AF04-4449-988B-97E71A7D1FBF}.Release|Any CPU.Build.0 = Release|Any CPU
		{71D248A9-4B04-48C2-812F-3D3183268993}.Debug|Any CPU.ActiveCfg = Debug|Any CPU
		{71D248A9-4B04-48C2-812F-3D3183268993}.Debug|Any CPU.Build.0 = Debug|Any CPU
		{71D248A9-4B04-48C2-812F-3D3183268993}.Release|Any CPU.ActiveCfg = Release|Any CPU
		{71D248A9-4B04-48C2-812F-3D3183268993}.Release|Any CPU.Build.0 = Release|Any CPU
	EndGlobalSection
	GlobalSection(SolutionProperties) = preSolution
		HideSolutionNode = FALSE
	EndGlobalSection
	GlobalSection(ExtensibilityGlobals) = postSolution
		SolutionGuid = {306E1B36-721D-4036-9AD9-EB555D3CDCBB}
	EndGlobalSection
EndGlobal
